
Microsoft Visual Studio Solution File, Format Version 12.00
# Visual Studio Version 17
VisualStudioVersion = 17.5.002.0
MinimumVisualStudioVersion = 10.0.40219.1
Project("{9A19103F-16F7-4668-BE54-9A1E7A4F7556}") = "SampleBot", "SampleBot.csproj", "{34EE15F6-6AA4-4C8D-87E3-7BA5E27159EF}"
EndProject
Global
	GlobalSection(SolutionConfigurationPlatforms) = preSolution
		Debug|Any CPU = Debug|Any CPU
		Release|Any CPU = Release|Any CPU
	EndGlobalSection
	GlobalSection(ProjectConfigurationPlatforms) = postSolution
		{34EE15F6-6AA4-4C8D-87E3-7BA5E27159EF}.Debug|Any CPU.ActiveCfg = Debug|Any CPU
		{34EE15F6-6AA4-4C8D-87E3-7BA5E27159EF}.Debug|Any CPU.Build.0 = Debug|Any CPU
		{34EE15F6-6AA4-4C8D-87E3-7BA5E27159EF}.Release|Any CPU.ActiveCfg = Release|Any CPU
		{34EE15F6-6AA4-4C8D-87E3-7BA5E27159EF}.Release|Any CPU.Build.0 = Release|Any CPU
	EndGlobalSection
	GlobalSection(SolutionProperties) = preSolution
		HideSolutionNode = FALSE
	EndGlobalSection
	GlobalSection(ExtensibilityGlobals) = postSolution
		SolutionGuid = {28EC20D8-5FA4-4F9F-8B39-EB07548FE0AD}
	EndGlobalSection
EndGlobal
